
Microsoft Visual Studio Solution File, Format Version 12.00
# Visual Studio Version 17
VisualStudioVersion = 17.10.35013.160
MinimumVisualStudioVersion = 10.0.40219.1
Project("{FAE04EC0-301F-11D3-BF4B-00C04F79EFBC}") = "Shop", "Shop\Shop.csproj", "{2919082A-1342-4023-8BC6-92DD23EBEEB4}"
EndProject
Global
	GlobalSection(SolutionConfigurationPlatforms) = preSolution
		Debug|Any CPU = Debug|Any CPU
		Release|Any CPU = Release|Any CPU
	EndGlobalSection
	GlobalSection(ProjectConfigurationPlatforms) = postSolution
		{2919082A-1342-4023-8BC6-92DD23EBEEB4}.Debug|Any CPU.ActiveCfg = Debug|Any CPU
		{2919082A-1342-4023-8BC6-92DD23EBEEB4}.Debug|Any CPU.Build.0 = Debug|Any CPU
		{2919082A-1342-4023-8BC6-92DD23EBEEB4}.Release|Any CPU.ActiveCfg = Release|Any CPU
		{2919082A-1342-4023-8BC6-92DD23EBEEB4}.Release|Any CPU.Build.0 = Release|Any CPU
	EndGlobalSection
	GlobalSection(SolutionProperties) = preSolution
		HideSolutionNode = FALSE
	EndGlobalSection
	GlobalSection(ExtensibilityGlobals) = postSolution
		SolutionGuid = {75A38B42-3667-4EEB-BD81-2D466EF46C42}
	EndGlobalSection
EndGlobal
